
Microsoft Visual Studio Solution File, Format Version 12.00
# Visual Studio Version 17
VisualStudioVersion = 17.8.34309.116
MinimumVisualStudioVersion = 10.0.40219.1
Project("{8BC9CEB8-8B4A-11D0-8D11-00A0C91BC942}") = "errorcode", "msbuild\errorcode.vcxproj", "{A48C9F57-70EB-4153-80AB-B60287D149F5}"
EndProject
Project("{8BC9CEB8-8B4A-11D0-8D11-00A0C91BC942}") = "errorreport", "msbuild\errorreport.vcxproj", "{61B9F338-7443-445D-9927-1EBF0227CE77}"
EndProject
Project("{8BC9CEB8-8B4A-11D0-8D11-00A0C91BC942}") = "ctoraddr", "msbuild\ctoraddr.vcxproj", "{A9433C04-BB00-4FA0-BD42-0CD87537C96D}"
EndProject
Project("{8BC9CEB8-8B4A-11D0-8D11-00A0C91BC942}") = "path", "msbuild\path.vcxproj", "{7577D999-72CF-485B-ABD7-C48C4846CDDC}"
EndProject
Global
	GlobalSection(SolutionConfigurationPlatforms) = preSolution
		Debug|x64 = Debug|x64
		Debug|x86 = Debug|x86
		Release|x64 = Release|x64
		Release|x86 = Release|x86
	EndGlobalSection
	GlobalSection(ProjectConfigurationPlatforms) = postSolution
		{A48C9F57-70EB-4153-80AB-B60287D149F5}.Debug|x64.ActiveCfg = Debug|x64
		{A48C9F57-70EB-4153-80AB-B60287D149F5}.Debug|x64.Build.0 = Debug|x64
		{A48C9F57-70EB-4153-80AB-B60287D149F5}.Debug|x86.ActiveCfg = Debug|Win32
		{A48C9F57-70EB-4153-80AB-B60287D149F5}.Debug|x86.Build.0 = Debug|Win32
		{A48C9F57-70EB-4153-80AB-B60287D149F5}.Release|x64.ActiveCfg = Release|x64
		{A48C9F57-70EB-4153-80AB-B60287D149F5}.Release|x64.Build.0 = Release|x64
		{A48C9F57-70EB-4153-80AB-B60287D149F5}.Release|x86.ActiveCfg = Release|Win32
		{A48C9F57-70EB-4153-80AB-B60287D149F5}.Release|x86.Build.0 = Release|Win32
		{61B9F338-7443-445D-9927-1EBF0227CE77}.Debug|x64.ActiveCfg = Debug|x64
		{61B9F338-7443-445D-9927-1EBF0227CE77}.Debug|x64.Build.0 = Debug|x64
		{61B9F338-7443-445D-9927-1EBF0227CE77}.Debug|x86.ActiveCfg = Debug|Win32
		{61B9F338-7443-445D-9927-1EBF0227CE77}.Debug|x86.Build.0 = Debug|Win32
		{61B9F338-7443-445D-9927-1EBF0227CE77}.Release|x64.ActiveCfg = Release|x64
		{61B9F338-7443-445D-9927-1EBF0227CE77}.Release|x64.Build.0 = Release|x64
		{61B9F338-7443-445D-9927-1EBF0227CE77}.Release|x86.ActiveCfg = Release|Win32
		{61B9F338-7443-445D-9927-1EBF0227CE77}.Release|x86.Build.0 = Release|Win32
		{A9433C04-BB00-4FA0-BD42-0CD87537C96D}.Debug|x64.ActiveCfg = Debug|x64
		{A9433C04-BB00-4FA0-BD42-0CD87537C96D}.Debug|x64.Build.0 = Debug|x64
		{A9433C04-BB00-4FA0-BD42-0CD87537C96D}.Debug|x86.ActiveCfg = Debug|Win32
		{A9433C04-BB00-4FA0-BD42-0CD87537C96D}.Debug|x86.Build.0 = Debug|Win32
		{A9433C04-BB00-4FA0-BD42-0CD87537C96D}.Release|x64.ActiveCfg = Release|x64
		{A9433C04-BB00-4FA0-BD42-0CD87537C96D}.Release|x64.Build.0 = Release|x64
		{A9433C04-BB00-4FA0-BD42-0CD87537C96D}.Release|x86.ActiveCfg = Release|Win32
		{A9433C04-BB00-4FA0-BD42-0CD87537C96D}.Release|x86.Build.0 = Release|Win32
		{7577D999-72CF-485B-ABD7-C48C4846CDDC}.Debug|x64.ActiveCfg = Debug|x64
		{7577D999-72CF-485B-ABD7-C48C4846CDDC}.Debug|x64.Build.0 = Debug|x64
		{7577D999-72CF-485B-ABD7-C48C4846CDDC}.Debug|x86.ActiveCfg = Debug|Win32
		{7577D999-72CF-485B-ABD7-C48C4846CDDC}.Debug|x86.Build.0 = Debug|Win32
		{7577D999-72CF-485B-ABD7-C48C4846CDDC}.Release|x64.ActiveCfg = Release|x64
		{7577D999-72CF-485B-ABD7-C48C4846CDDC}.Release|x64.Build.0 = Release|x64
		{7577D999-72CF-485B-ABD7-C48C4846CDDC}.Release|x86.ActiveCfg = Release|Win32
		{7577D999-72CF-485B-ABD7-C48C4846CDDC}.Release|x86.Build.0 = Release|Win32
	EndGlobalSection
	GlobalSection(SolutionProperties) = preSolution
		HideSolutionNode = FALSE
	EndGlobalSection
	GlobalSection(ExtensibilityGlobals) = postSolution
		SolutionGuid = {89FD10C5-D815-4522-8773-DF7A9C7805CF}
	EndGlobalSection
EndGlobal
